
Microsoft Visual Studio Solution File, Format Version 12.00
# Visual Studio Version 17
VisualStudioVersion = 17.4.33110.190
MinimumVisualStudioVersion = 10.0.40219.1
Project("{FAE04EC0-301F-11D3-BF4B-00C04F79EFBC}") = "4.3.13 array", "4.3.13 array\4.3.13 array.csproj", "{0CB9456E-F467-43EA-A8C6-BD19C705845D}"
EndProject
Global
	GlobalSection(SolutionConfigurationPlatforms) = preSolution
		Debug|Any CPU = Debug|Any CPU
		Release|Any CPU = Release|Any CPU
	EndGlobalSection
	GlobalSection(ProjectConfigurationPlatforms) = postSolution
		{0CB9456E-F467-43EA-A8C6-BD19C705845D}.Debug|Any CPU.ActiveCfg = Debug|Any CPU
		{0CB9456E-F467-43EA-A8C6-BD19C705845D}.Debug|Any CPU.Build.0 = Debug|Any CPU
		{0CB9456E-F467-43EA-A8C6-BD19C705845D}.Release|Any CPU.ActiveCfg = Release|Any CPU
		{0CB9456E-F467-43EA-A8C6-BD19C705845D}.Release|Any CPU.Build.0 = Release|Any CPU
	EndGlobalSection
	GlobalSection(SolutionProperties) = preSolution
		HideSolutionNode = FALSE
	EndGlobalSection
	GlobalSection(ExtensibilityGlobals) = postSolution
		SolutionGuid = {6B713D08-949D-4197-B2E8-D5D244C03B8F}
	EndGlobalSection
EndGlobal
